
Microsoft Visual Studio Solution File, Format Version 12.00
# Visual Studio Version 17
VisualStudioVersion = 17.4.33205.214
MinimumVisualStudioVersion = 10.0.40219.1
Project("{FAE04EC0-301F-11D3-BF4B-00C04F79EFBC}") = "teacher", "teacher\teacher.csproj", "{A32A42E6-7011-4115-BE65-D2AB7E74779B}"
EndProject
Global
	GlobalSection(SolutionConfigurationPlatforms) = preSolution
		Debug|Any CPU = Debug|Any CPU
		Release|Any CPU = Release|Any CPU
	EndGlobalSection
	GlobalSection(ProjectConfigurationPlatforms) = postSolution
		{A32A42E6-7011-4115-BE65-D2AB7E74779B}.Debug|Any CPU.ActiveCfg = Debug|Any CPU
		{A32A42E6-7011-4115-BE65-D2AB7E74779B}.Debug|Any CPU.Build.0 = Debug|Any CPU
		{A32A42E6-7011-4115-BE65-D2AB7E74779B}.Release|Any CPU.ActiveCfg = Release|Any CPU
		{A32A42E6-7011-4115-BE65-D2AB7E74779B}.Release|Any CPU.Build.0 = Release|Any CPU
	EndGlobalSection
	GlobalSection(SolutionProperties) = preSolution
		HideSolutionNode = FALSE
	EndGlobalSection
	GlobalSection(ExtensibilityGlobals) = postSolution
		SolutionGuid = {F35C1352-EBB7-40F5-A426-1EE358344F68}
	EndGlobalSection
EndGlobal
